
Microsoft Visual Studio Solution File, Format Version 12.00
# Visual Studio 14
VisualStudioVersion = 14.0.25123.0
MinimumVisualStudioVersion = 10.0.40219.1
Project("{FAE04EC0-301F-11D3-BF4B-00C04F79EFBC}") = "asp_mvc_2", "asp_mvc_2\asp_mvc_2.csproj", "{DD244CE3-9C98-464F-9716-BDC806B23CDD}"
EndProject
Global
	GlobalSection(SolutionConfigurationPlatforms) = preSolution
		Debug|Any CPU = Debug|Any CPU
		Release|Any CPU = Release|Any CPU
	EndGlobalSection
	GlobalSection(ProjectConfigurationPlatforms) = postSolution
		{DD244CE3-9C98-464F-9716-BDC806B23CDD}.Debug|Any CPU.ActiveCfg = Debug|Any CPU
		{DD244CE3-9C98-464F-9716-BDC806B23CDD}.Debug|Any CPU.Build.0 = Debug|Any CPU
		{DD244CE3-9C98-464F-9716-BDC806B23CDD}.Release|Any CPU.ActiveCfg = Release|Any CPU
		{DD244CE3-9C98-464F-9716-BDC806B23CDD}.Release|Any CPU.Build.0 = Release|Any CPU
	EndGlobalSection
	GlobalSection(SolutionProperties) = preSolution
		HideSolutionNode = FALSE
	EndGlobalSection
EndGlobal
